
Microsoft Visual Studio Solution File, Format Version 12.00
# Visual Studio Version 17
VisualStudioVersion = 17.7.34031.279
MinimumVisualStudioVersion = 10.0.40219.1
Project("{FAE04EC0-301F-11D3-BF4B-00C04F79EFBC}") = "StartBootsTrapMVC", "StartBootsTrapMVC\StartBootsTrapMVC.csproj", "{664FC4C6-608E-4D53-B54C-6A8B31C15E65}"
EndProject
Global
	GlobalSection(SolutionConfigurationPlatforms) = preSolution
		Debug|Any CPU = Debug|Any CPU
		Release|Any CPU = Release|Any CPU
	EndGlobalSection
	GlobalSection(ProjectConfigurationPlatforms) = postSolution
		{664FC4C6-608E-4D53-B54C-6A8B31C15E65}.Debug|Any CPU.ActiveCfg = Debug|Any CPU
		{664FC4C6-608E-4D53-B54C-6A8B31C15E65}.Debug|Any CPU.Build.0 = Debug|Any CPU
		{664FC4C6-608E-4D53-B54C-6A8B31C15E65}.Release|Any CPU.ActiveCfg = Release|Any CPU
		{664FC4C6-608E-4D53-B54C-6A8B31C15E65}.Release|Any CPU.Build.0 = Release|Any CPU
	EndGlobalSection
	GlobalSection(SolutionProperties) = preSolution
		HideSolutionNode = FALSE
	EndGlobalSection
	GlobalSection(ExtensibilityGlobals) = postSolution
		SolutionGuid = {8C66DDD1-C8E4-4261-9212-69A313B64C47}
	EndGlobalSection
EndGlobal
